
Microsoft Visual Studio Solution File, Format Version 12.00
# Visual Studio Version 17
VisualStudioVersion = 17.14.36310.24 d17.14
MinimumVisualStudioVersion = 10.0.40219.1
Project("{FAE04EC0-301F-11D3-BF4B-00C04F79EFBC}") = "StreamView", "StreamView.csproj", "{D7DCE444-B619-444F-AC77-93AD621E70C1}"
EndProject
Global
	GlobalSection(SolutionConfigurationPlatforms) = preSolution
		Debug|Any CPU = Debug|Any CPU
		Debug|x64 = Debug|x64
		Release|Any CPU = Release|Any CPU
		Release|x64 = Release|x64
	EndGlobalSection
	GlobalSection(ProjectConfigurationPlatforms) = postSolution
		{D7DCE444-B619-444F-AC77-93AD621E70C1}.Debug|Any CPU.ActiveCfg = Debug|Any CPU
		{D7DCE444-B619-444F-AC77-93AD621E70C1}.Debug|Any CPU.Build.0 = Debug|Any CPU
		{D7DCE444-B619-444F-AC77-93AD621E70C1}.Debug|x64.ActiveCfg = Debug|x64
		{D7DCE444-B619-444F-AC77-93AD621E70C1}.Debug|x64.Build.0 = Debug|x64
		{D7DCE444-B619-444F-AC77-93AD621E70C1}.Release|Any CPU.ActiveCfg = Release|Any CPU
		{D7DCE444-B619-444F-AC77-93AD621E70C1}.Release|Any CPU.Build.0 = Release|Any CPU
		{D7DCE444-B619-444F-AC77-93AD621E70C1}.Release|x64.ActiveCfg = Release|x64
		{D7DCE444-B619-444F-AC77-93AD621E70C1}.Release|x64.Build.0 = Release|x64
	EndGlobalSection
	GlobalSection(SolutionProperties) = preSolution
		HideSolutionNode = FALSE
	EndGlobalSection
	GlobalSection(ExtensibilityGlobals) = postSolution
		SolutionGuid = {BA03C2B8-BF12-4443-BB33-7D398E026EAB}
	EndGlobalSection
EndGlobal
